
Microsoft Visual Studio Solution File, Format Version 12.00
# Visual Studio 15
VisualStudioVersion = 15.0.27428.2043
MinimumVisualStudioVersion = 10.0.40219.1
Project("{FAE04EC0-301F-11D3-BF4B-00C04F79EFBC}") = "Basic_Consle01", "Basic_Consle01\Basic_Consle01.csproj", "{7D72E2D0-35FB-4293-AF6B-41BFB724C01D}"
EndProject
Project("{FAE04EC0-301F-11D3-BF4B-00C04F79EFBC}") = "Basic_Sturdy02", "WindowsFormsApp1\Basic_Sturdy02.csproj", "{4A5FD184-8F52-4149-AF11-D37E45BFB899}"
EndProject
Project("{FAE04EC0-301F-11D3-BF4B-00C04F79EFBC}") = "Basic_Console02", "..\ConsoleApp1\ConsoleApp1\Basic_Console02.csproj", "{038E1866-2EE1-4A13-8F9D-AB76D31F47D3}"
EndProject
Project("{FAE04EC0-301F-11D3-BF4B-00C04F79EFBC}") = "Basic_ChatServer", "Basic_ChatServer\Basic_ChatServer.csproj", "{185EE6AF-31E1-4FAA-B48B-C2F4A4EDE87F}"
EndProject
Project("{FAE04EC0-301F-11D3-BF4B-00C04F79EFBC}") = "Basic_ChatClient", "Basic_ChatClient\Basic_ChatClient.csproj", "{3E04691D-C902-4339-83C4-4AA634372760}"
EndProject
Project("{FAE04EC0-301F-11D3-BF4B-00C04F79EFBC}") = "Basic_Type_Cast_control", "Basic_Type_Cast_control\Basic_Type_Cast_control.csproj", "{696EAD33-BB19-4696-A58D-C24C2BF58B8B}"
EndProject
Project("{FAE04EC0-301F-11D3-BF4B-00C04F79EFBC}") = "Basic_Object-orientedTest", "Basic_Object-orientedTest\Basic_Object-orientedTest.csproj", "{1366707B-EA01-445B-876A-DCA793C04E65}"
EndProject
Project("{FAE04EC0-301F-11D3-BF4B-00C04F79EFBC}") = "INCONSample", "VurixSample\INCONSample.csproj", "{F016CC16-BAA2-402B-B888-2856AD2F704E}"
EndProject
Project("{FAE04EC0-301F-11D3-BF4B-00C04F79EFBC}") = "Basic_Sturdy03", "Basic_Sturdy03\Basic_Sturdy03.csproj", "{7A054E76-1FF8-4AB0-B1FA-1A6937F44702}"
EndProject
Project("{FAE04EC0-301F-11D3-BF4B-00C04F79EFBC}") = "BCL_Sturdy", "BCL_Sturdy\BCL_Sturdy.csproj", "{7E939EC1-F49A-4D37-B463-A8E42CF0921A}"
EndProject
Project("{FAE04EC0-301F-11D3-BF4B-00C04F79EFBC}") = "WindowsFormsApp2", "WindowsFormsApp2\WindowsFormsApp2.csproj", "{4B10E88D-C9C8-47DE-B5C9-34D8E3C43D4C}"
EndProject
Project("{FAE04EC0-301F-11D3-BF4B-00C04F79EFBC}") = "Writer", "Writer\Writer.csproj", "{F24D4868-1120-40E6-A43F-FEA1922D7086}"
EndProject
Project("{FAE04EC0-301F-11D3-BF4B-00C04F79EFBC}") = "Reader", "Reader\Reader.csproj", "{45E395C4-73F4-443E-92CF-6F0CB21D8D41}"
EndProject
Project("{FAE04EC0-301F-11D3-BF4B-00C04F79EFBC}") = "GeomexWorkManager", "GeomexWorkManager\GeomexWorkManager.csproj", "{811221F7-B615-4C04-BEB2-DF1B9773068B}"
EndProject
Project("{FAE04EC0-301F-11D3-BF4B-00C04F79EFBC}") = "progresBarTest", "progresBarTest\progresBarTest.csproj", "{067F8E54-C48E-4B8B-9002-29E0F91E5A14}"
EndProject
Project("{FAE04EC0-301F-11D3-BF4B-00C04F79EFBC}") = "Utils", "Utils\Utils.csproj", "{BD7A4814-4DD5-44BE-B158-51CC6ABDE8D2}"
EndProject
Project("{FAE04EC0-301F-11D3-BF4B-00C04F79EFBC}") = "ConsoleApp1", "ConsoleApp1\ConsoleApp1.csproj", "{B76D41D3-A9B0-48C8-92F9-4061B17385F1}"
EndProject
Project("{FAE04EC0-301F-11D3-BF4B-00C04F79EFBC}") = "youtubeTest", "youtubeTest\youtubeTest.csproj", "{F5CC7955-609F-4EE8-9237-64E00C50BE3F}"
EndProject
Project("{FAE04EC0-301F-11D3-BF4B-00C04F79EFBC}") = "googletrans", "googletrans\googletrans.csproj", "{77CA804F-D64B-458F-9F88-D35EBCDFE74C}"
EndProject
Project("{FAE04EC0-301F-11D3-BF4B-00C04F79EFBC}") = "TESTAPP", "TESTAPP\TESTAPP.csproj", "{2F815BB4-ED8C-4E04-8207-46B2B24E7A36}"
EndProject
Project("{FAE04EC0-301F-11D3-BF4B-00C04F79EFBC}") = "FileManager", "FileManager\FileManager.csproj", "{76C70D74-6E80-4BBC-9F17-434FC4501E89}"
EndProject
Project("{FAE04EC0-301F-11D3-BF4B-00C04F79EFBC}") = "DelegateTest", "ConsoleApp2\DelegateTest.csproj", "{6A769E1F-8C64-4C12-B1D8-BE7B7C2CC6A4}"
EndProject
Global
	GlobalSection(SolutionConfigurationPlatforms) = preSolution
		Debug|Any CPU = Debug|Any CPU
		Debug|ARM = Debug|ARM
		Debug|x64 = Debug|x64
		Debug|x86 = Debug|x86
		Release|Any CPU = Release|Any CPU
		Release|ARM = Release|ARM
		Release|x64 = Release|x64
		Release|x86 = Release|x86
	EndGlobalSection
	GlobalSection(ProjectConfigurationPlatforms) = postSolution
		{7D72E2D0-35FB-4293-AF6B-41BFB724C01D}.Debug|Any CPU.ActiveCfg = Debug|Any CPU
		{7D72E2D0-35FB-4293-AF6B-41BFB724C01D}.Debug|Any CPU.Build.0 = Debug|Any CPU
		{7D72E2D0-35FB-4293-AF6B-41BFB724C01D}.Debug|ARM.ActiveCfg = Debug|Any CPU
		{7D72E2D0-35FB-4293-AF6B-41BFB724C01D}.Debug|x64.ActiveCfg = Debug|Any CPU
		{7D72E2D0-35FB-4293-AF6B-41BFB724C01D}.Debug|x86.ActiveCfg = Debug|Any CPU
		{7D72E2D0-35FB-4293-AF6B-41BFB724C01D}.Release|Any CPU.ActiveCfg = Release|Any CPU
		{7D72E2D0-35FB-4293-AF6B-41BFB724C01D}.Release|Any CPU.Build.0 = Release|Any CPU
		{7D72E2D0-35FB-4293-AF6B-41BFB724C01D}.Release|ARM.ActiveCfg = Release|Any CPU
		{7D72E2D0-35FB-4293-AF6B-41BFB724C01D}.Release|x64.ActiveCfg = Release|Any CPU
		{7D72E2D0-35FB-4293-AF6B-41BFB724C01D}.Release|x86.ActiveCfg = Release|Any CPU
		{4A5FD184-8F52-4149-AF11-D37E45BFB899}.Debug|Any CPU.ActiveCfg = Debug|Any CPU
		{4A5FD184-8F52-4149-AF11-D37E45BFB899}.Debug|Any CPU.Build.0 = Debug|Any CPU
		{4A5FD184-8F52-4149-AF11-D37E45BFB899}.Debug|ARM.ActiveCfg = Debug|Any CPU
		{4A5FD184-8F52-4149-AF11-D37E45BFB899}.Debug|x64.ActiveCfg = Debug|Any CPU
		{4A5FD184-8F52-4149-AF11-D37E45BFB899}.Debug|x86.ActiveCfg = Debug|Any CPU
		{4A5FD184-8F52-4149-AF11-D37E45BFB899}.Release|Any CPU.ActiveCfg = Release|Any CPU
		{4A5FD184-8F52-4149-AF11-D37E45BFB899}.Release|Any CPU.Build.0 = Release|Any CPU
		{4A5FD184-8F52-4149-AF11-D37E45BFB899}.Release|ARM.ActiveCfg = Release|Any CPU
		{4A5FD184-8F52-4149-AF11-D37E45BFB899}.Release|x64.ActiveCfg = Release|Any CPU
		{4A5FD184-8F52-4149-AF11-D37E45BFB899}.Release|x86.ActiveCfg = Release|Any CPU
		{038E1866-2EE1-4A13-8F9D-AB76D31F47D3}.Debug|Any CPU.ActiveCfg = Debug|Any CPU
		{038E1866-2EE1-4A13-8F9D-AB76D31F47D3}.Debug|Any CPU.Build.0 = Debug|Any CPU
		{038E1866-2EE1-4A13-8F9D-AB76D31F47D3}.Debug|ARM.ActiveCfg = Debug|Any CPU
		{038E1866-2EE1-4A13-8F9D-AB76D31F47D3}.Debug|x64.ActiveCfg = Debug|Any CPU
		{038E1866-2EE1-4A13-8F9D-AB76D31F47D3}.Debug|x86.ActiveCfg = Debug|Any CPU
		{038E1866-2EE1-4A13-8F9D-AB76D31F47D3}.Release|Any CPU.ActiveCfg = Release|Any CPU
		{038E1866-2EE1-4A13-8F9D-AB76D31F47D3}.Release|Any CPU.Build.0 = Release|Any CPU
		{038E1866-2EE1-4A13-8F9D-AB76D31F47D3}.Release|ARM.ActiveCfg = Release|Any CPU
		{038E1866-2EE1-4A13-8F9D-AB76D31F47D3}.Release|x64.ActiveCfg = Release|Any CPU
		{038E1866-2EE1-4A13-8F9D-AB76D31F47D3}.Release|x86.ActiveCfg = Release|Any CPU
		{185EE6AF-31E1-4FAA-B48B-C2F4A4EDE87F}.Debug|Any CPU.ActiveCfg = Debug|Any CPU
		{185EE6AF-31E1-4FAA-B48B-C2F4A4EDE87F}.Debug|Any CPU.Build.0 = Debug|Any CPU
		{185EE6AF-31E1-4FAA-B48B-C2F4A4EDE87F}.Debug|ARM.ActiveCfg = Debug|Any CPU
		{185EE6AF-31E1-4FAA-B48B-C2F4A4EDE87F}.Debug|x64.ActiveCfg = Debug|Any CPU
		{185EE6AF-31E1-4FAA-B48B-C2F4A4EDE87F}.Debug|x86.ActiveCfg = Debug|Any CPU
		{185EE6AF-31E1-4FAA-B48B-C2F4A4EDE87F}.Release|Any CPU.ActiveCfg = Release|Any CPU
		{185EE6AF-31E1-4FAA-B48B-C2F4A4EDE87F}.Release|Any CPU.Build.0 = Release|Any CPU
		{185EE6AF-31E1-4FAA-B48B-C2F4A4EDE87F}.Release|ARM.ActiveCfg = Release|Any CPU
		{185EE6AF-31E1-4FAA-B48B-C2F4A4EDE87F}.Release|x64.ActiveCfg = Release|Any CPU
		{185EE6AF-31E1-4FAA-B48B-C2F4A4EDE87F}.Release|x86.ActiveCfg = Release|Any CPU
		{3E04691D-C902-4339-83C4-4AA634372760}.Debug|Any CPU.ActiveCfg = Debug|Any CPU
		{3E04691D-C902-4339-83C4-4AA634372760}.Debug|Any CPU.Build.0 = Debug|Any CPU
		{3E04691D-C902-4339-83C4-4AA634372760}.Debug|ARM.ActiveCfg = Debug|Any CPU
		{3E04691D-C902-4339-83C4-4AA634372760}.Debug|x64.ActiveCfg = Debug|Any CPU
		{3E04691D-C902-4339-83C4-4AA634372760}.Debug|x86.ActiveCfg = Debug|Any CPU
		{3E04691D-C902-4339-83C4-4AA634372760}.Release|Any CPU.ActiveCfg = Release|Any CPU
		{3E04691D-C902-4339-83C4-4AA634372760}.Release|Any CPU.Build.0 = Release|Any CPU
		{3E04691D-C902-4339-83C4-4AA634372760}.Release|ARM.ActiveCfg = Release|Any CPU
		{3E04691D-C902-4339-83C4-4AA634372760}.Release|x64.ActiveCfg = Release|Any CPU
		{3E04691D-C902-4339-83C4-4AA634372760}.Release|x86.ActiveCfg = Release|Any CPU
		{696EAD33-BB19-4696-A58D-C24C2BF58B8B}.Debug|Any CPU.ActiveCfg = Debug|Any CPU
		{696EAD33-BB19-4696-A58D-C24C2BF58B8B}.Debug|Any CPU.Build.0 = Debug|Any CPU
		{696EAD33-BB19-4696-A58D-C24C2BF58B8B}.Debug|ARM.ActiveCfg = Debug|Any CPU
		{696EAD33-BB19-4696-A58D-C24C2BF58B8B}.Debug|x64.ActiveCfg = Debug|Any CPU
		{696EAD33-BB19-4696-A58D-C24C2BF58B8B}.Debug|x86.ActiveCfg = Debug|Any CPU
		{696EAD33-BB19-4696-A58D-C24C2BF58B8B}.Release|Any CPU.ActiveCfg = Release|Any CPU
		{696EAD33-BB19-4696-A58D-C24C2BF58B8B}.Release|Any CPU.Build.0 = Release|Any CPU
		{696EAD33-BB19-4696-A58D-C24C2BF58B8B}.Release|ARM.ActiveCfg = Release|Any CPU
		{696EAD33-BB19-4696-A58D-C24C2BF58B8B}.Release|x64.ActiveCfg = Release|Any CPU
		{696EAD33-BB19-4696-A58D-C24C2BF58B8B}.Release|x86.ActiveCfg = Release|Any CPU
		{1366707B-EA01-445B-876A-DCA793C04E65}.Debug|Any CPU.ActiveCfg = Debug|Any CPU
		{1366707B-EA01-445B-876A-DCA793C04E65}.Debug|Any CPU.Build.0 = Debug|Any CPU
		{1366707B-EA01-445B-876A-DCA793C04E65}.Debug|ARM.ActiveCfg = Debug|Any CPU
		{1366707B-EA01-445B-876A-DCA793C04E65}.Debug|x64.ActiveCfg = Debug|Any CPU
		{1366707B-EA01-445B-876A-DCA793C04E65}.Debug|x86.ActiveCfg = Debug|Any CPU
		{1366707B-EA01-445B-876A-DCA793C04E65}.Release|Any CPU.ActiveCfg = Release|Any CPU
		{1366707B-EA01-445B-876A-DCA793C04E65}.Release|Any CPU.Build.0 = Release|Any CPU
		{1366707B-EA01-445B-876A-DCA793C04E65}.Release|ARM.ActiveCfg = Release|Any CPU
		{1366707B-EA01-445B-876A-DCA793C04E65}.Release|x64.ActiveCfg = Release|Any CPU
		{1366707B-EA01-445B-876A-DCA793C04E65}.Release|x86.ActiveCfg = Release|Any CPU
		{F016CC16-BAA2-402B-B888-2856AD2F704E}.Debug|Any CPU.ActiveCfg = Debug|Any CPU
		{F016CC16-BAA2-402B-B888-2856AD2F704E}.Debug|Any CPU.Build.0 = Debug|Any CPU
		{F016CC16-BAA2-402B-B888-2856AD2F704E}.Debug|ARM.ActiveCfg = Debug|Any CPU
		{F016CC16-BAA2-402B-B888-2856AD2F704E}.Debug|x64.ActiveCfg = Debug|Any CPU
		{F016CC16-BAA2-402B-B888-2856AD2F704E}.Debug|x86.ActiveCfg = Debug|Any CPU
		{F016CC16-BAA2-402B-B888-2856AD2F704E}.Release|Any CPU.ActiveCfg = Release|Any CPU
		{F016CC16-BAA2-402B-B888-2856AD2F704E}.Release|Any CPU.Build.0 = Release|Any CPU
		{F016CC16-BAA2-402B-B888-2856AD2F704E}.Release|ARM.ActiveCfg = Release|Any CPU
		{F016CC16-BAA2-402B-B888-2856AD2F704E}.Release|x64.ActiveCfg = Release|Any CPU
		{F016CC16-BAA2-402B-B888-2856AD2F704E}.Release|x86.ActiveCfg = Release|Any CPU
		{7A054E76-1FF8-4AB0-B1FA-1A6937F44702}.Debug|Any CPU.ActiveCfg = Debug|Any CPU
		{7A054E76-1FF8-4AB0-B1FA-1A6937F44702}.Debug|Any CPU.Build.0 = Debug|Any CPU
		{7A054E76-1FF8-4AB0-B1FA-1A6937F44702}.Debug|ARM.ActiveCfg = Debug|Any CPU
		{7A054E76-1FF8-4AB0-B1FA-1A6937F44702}.Debug|x64.ActiveCfg = Debug|Any CPU
		{7A054E76-1FF8-4AB0-B1FA-1A6937F44702}.Debug|x86.ActiveCfg = Debug|Any CPU
		{7A054E76-1FF8-4AB0-B1FA-1A6937F44702}.Release|Any CPU.ActiveCfg = Release|Any CPU
		{7A054E76-1FF8-4AB0-B1FA-1A6937F44702}.Release|Any CPU.Build.0 = Release|Any CPU
		{7A054E76-1FF8-4AB0-B1FA-1A6937F44702}.Release|ARM.ActiveCfg = Release|Any CPU
		{7A054E76-1FF8-4AB0-B1FA-1A6937F44702}.Release|x64.ActiveCfg = Release|Any CPU
		{7A054E76-1FF8-4AB0-B1FA-1A6937F44702}.Release|x86.ActiveCfg = Release|Any CPU
		{7E939EC1-F49A-4D37-B463-A8E42CF0921A}.Debug|Any CPU.ActiveCfg = Debug|Any CPU
		{7E939EC1-F49A-4D37-B463-A8E42CF0921A}.Debug|Any CPU.Build.0 = Debug|Any CPU
		{7E939EC1-F49A-4D37-B463-A8E42CF0921A}.Debug|ARM.ActiveCfg = Debug|Any CPU
		{7E939EC1-F49A-4D37-B463-A8E42CF0921A}.Debug|x64.ActiveCfg = Debug|Any CPU
		{7E939EC1-F49A-4D37-B463-A8E42CF0921A}.Debug|x86.ActiveCfg = Debug|Any CPU
		{7E939EC1-F49A-4D37-B463-A8E42CF0921A}.Release|Any CPU.ActiveCfg = Release|Any CPU
		{7E939EC1-F49A-4D37-B463-A8E42CF0921A}.Release|Any CPU.Build.0 = Release|Any CPU
		{7E939EC1-F49A-4D37-B463-A8E42CF0921A}.Release|ARM.ActiveCfg = Release|Any CPU
		{7E939EC1-F49A-4D37-B463-A8E42CF0921A}.Release|x64.ActiveCfg = Release|Any CPU
		{7E939EC1-F49A-4D37-B463-A8E42CF0921A}.Release|x86.ActiveCfg = Release|Any CPU
		{4B10E88D-C9C8-47DE-B5C9-34D8E3C43D4C}.Debug|Any CPU.ActiveCfg = Debug|Any CPU
		{4B10E88D-C9C8-47DE-B5C9-34D8E3C43D4C}.Debug|Any CPU.Build.0 = Debug|Any CPU
		{4B10E88D-C9C8-47DE-B5C9-34D8E3C43D4C}.Debug|ARM.ActiveCfg = Debug|Any CPU
		{4B10E88D-C9C8-47DE-B5C9-34D8E3C43D4C}.Debug|x64.ActiveCfg = Debug|Any CPU
		{4B10E88D-C9C8-47DE-B5C9-34D8E3C43D4C}.Debug|x86.ActiveCfg = Debug|Any CPU
		{4B10E88D-C9C8-47DE-B5C9-34D8E3C43D4C}.Release|Any CPU.ActiveCfg = Release|Any CPU
		{4B10E88D-C9C8-47DE-B5C9-34D8E3C43D4C}.Release|Any CPU.Build.0 = Release|Any CPU
		{4B10E88D-C9C8-47DE-B5C9-34D8E3C43D4C}.Release|ARM.ActiveCfg = Release|Any CPU
		{4B10E88D-C9C8-47DE-B5C9-34D8E3C43D4C}.Release|x64.ActiveCfg = Release|Any CPU
		{4B10E88D-C9C8-47DE-B5C9-34D8E3C43D4C}.Release|x86.ActiveCfg = Release|Any CPU
		{F24D4868-1120-40E6-A43F-FEA1922D7086}.Debug|Any CPU.ActiveCfg = Debug|Any CPU
		{F24D4868-1120-40E6-A43F-FEA1922D7086}.Debug|Any CPU.Build.0 = Debug|Any CPU
		{F24D4868-1120-40E6-A43F-FEA1922D7086}.Debug|ARM.ActiveCfg = Debug|Any CPU
		{F24D4868-1120-40E6-A43F-FEA1922D7086}.Debug|x64.ActiveCfg = Debug|Any CPU
		{F24D4868-1120-40E6-A43F-FEA1922D7086}.Debug|x86.ActiveCfg = Debug|Any CPU
		{F24D4868-1120-40E6-A43F-FEA1922D7086}.Release|Any CPU.ActiveCfg = Release|Any CPU
		{F24D4868-1120-40E6-A43F-FEA1922D7086}.Release|Any CPU.Build.0 = Release|Any CPU
		{F24D4868-1120-40E6-A43F-FEA1922D7086}.Release|ARM.ActiveCfg = Release|Any CPU
		{F24D4868-1120-40E6-A43F-FEA1922D7086}.Release|x64.ActiveCfg = Release|Any CPU
		{F24D4868-1120-40E6-A43F-FEA1922D7086}.Release|x86.ActiveCfg = Release|Any CPU
		{45E395C4-73F4-443E-92CF-6F0CB21D8D41}.Debug|Any CPU.ActiveCfg = Debug|Any CPU
		{45E395C4-73F4-443E-92CF-6F0CB21D8D41}.Debug|Any CPU.Build.0 = Debug|Any CPU
		{45E395C4-73F4-443E-92CF-6F0CB21D8D41}.Debug|ARM.ActiveCfg = Debug|Any CPU
		{45E395C4-73F4-443E-92CF-6F0CB21D8D41}.Debug|x64.ActiveCfg = Debug|Any CPU
		{45E395C4-73F4-443E-92CF-6F0CB21D8D41}.Debug|x86.ActiveCfg = Debug|Any CPU
		{45E395C4-73F4-443E-92CF-6F0CB21D8D41}.Release|Any CPU.ActiveCfg = Release|Any CPU
		{45E395C4-73F4-443E-92CF-6F0CB21D8D41}.Release|Any CPU.Build.0 = Release|Any CPU
		{45E395C4-73F4-443E-92CF-6F0CB21D8D41}.Release|ARM.ActiveCfg = Release|Any CPU
		{45E395C4-73F4-443E-92CF-6F0CB21D8D41}.Release|x64.ActiveCfg = Release|Any CPU
		{45E395C4-73F4-443E-92CF-6F0CB21D8D41}.Release|x86.ActiveCfg = Release|Any CPU
		{811221F7-B615-4C04-BEB2-DF1B9773068B}.Debug|Any CPU.ActiveCfg = Debug|Any CPU
		{811221F7-B615-4C04-BEB2-DF1B9773068B}.Debug|Any CPU.Build.0 = Debug|Any CPU
		{811221F7-B615-4C04-BEB2-DF1B9773068B}.Debug|ARM.ActiveCfg = Debug|Any CPU
		{811221F7-B615-4C04-BEB2-DF1B9773068B}.Debug|x64.ActiveCfg = Debug|Any CPU
		{811221F7-B615-4C04-BEB2-DF1B9773068B}.Debug|x86.ActiveCfg = Debug|Any CPU
		{811221F7-B615-4C04-BEB2-DF1B9773068B}.Release|Any CPU.ActiveCfg = Release|Any CPU
		{811221F7-B615-4C04-BEB2-DF1B9773068B}.Release|Any CPU.Build.0 = Release|Any CPU
		{811221F7-B615-4C04-BEB2-DF1B9773068B}.Release|ARM.ActiveCfg = Release|Any CPU
		{811221F7-B615-4C04-BEB2-DF1B9773068B}.Release|x64.ActiveCfg = Release|Any CPU
		{811221F7-B615-4C04-BEB2-DF1B9773068B}.Release|x86.ActiveCfg = Release|Any CPU
		{067F8E54-C48E-4B8B-9002-29E0F91E5A14}.Debug|Any CPU.ActiveCfg = Debug|Any CPU
		{067F8E54-C48E-4B8B-9002-29E0F91E5A14}.Debug|Any CPU.Build.0 = Debug|Any CPU
		{067F8E54-C48E-4B8B-9002-29E0F91E5A14}.Debug|ARM.ActiveCfg = Debug|Any CPU
		{067F8E54-C48E-4B8B-9002-29E0F91E5A14}.Debug|x64.ActiveCfg = Debug|Any CPU
		{067F8E54-C48E-4B8B-9002-29E0F91E5A14}.Debug|x86.ActiveCfg = Debug|Any CPU
		{067F8E54-C48E-4B8B-9002-29E0F91E5A14}.Release|Any CPU.ActiveCfg = Release|Any CPU
		{067F8E54-C48E-4B8B-9002-29E0F91E5A14}.Release|Any CPU.Build.0 = Release|Any CPU
		{067F8E54-C48E-4B8B-9002-29E0F91E5A14}.Release|ARM.ActiveCfg = Release|Any CPU
		{067F8E54-C48E-4B8B-9002-29E0F91E5A14}.Release|x64.ActiveCfg = Release|Any CPU
		{067F8E54-C48E-4B8B-9002-29E0F91E5A14}.Release|x86.ActiveCfg = Release|Any CPU
		{BD7A4814-4DD5-44BE-B158-51CC6ABDE8D2}.Debug|Any CPU.ActiveCfg = Debug|Any CPU
		{BD7A4814-4DD5-44BE-B158-51CC6ABDE8D2}.Debug|Any CPU.Build.0 = Debug|Any CPU
		{BD7A4814-4DD5-44BE-B158-51CC6ABDE8D2}.Debug|ARM.ActiveCfg = Debug|Any CPU
		{BD7A4814-4DD5-44BE-B158-51CC6ABDE8D2}.Debug|ARM.Build.0 = Debug|Any CPU
		{BD7A4814-4DD5-44BE-B158-51CC6ABDE8D2}.Debug|x64.ActiveCfg = Debug|Any CPU
		{BD7A4814-4DD5-44BE-B158-51CC6ABDE8D2}.Debug|x64.Build.0 = Debug|Any CPU
		{BD7A4814-4DD5-44BE-B158-51CC6ABDE8D2}.Debug|x86.ActiveCfg = Debug|Any CPU
		{BD7A4814-4DD5-44BE-B158-51CC6ABDE8D2}.Debug|x86.Build.0 = Debug|Any CPU
		{BD7A4814-4DD5-44BE-B158-51CC6ABDE8D2}.Release|Any CPU.ActiveCfg = Release|Any CPU
		{BD7A4814-4DD5-44BE-B158-51CC6ABDE8D2}.Release|Any CPU.Build.0 = Release|Any CPU
		{BD7A4814-4DD5-44BE-B158-51CC6ABDE8D2}.Release|ARM.ActiveCfg = Release|Any CPU
		{BD7A4814-4DD5-44BE-B158-51CC6ABDE8D2}.Release|ARM.Build.0 = Release|Any CPU
		{BD7A4814-4DD5-44BE-B158-51CC6ABDE8D2}.Release|x64.ActiveCfg = Release|Any CPU
		{BD7A4814-4DD5-44BE-B158-51CC6ABDE8D2}.Release|x64.Build.0 = Release|Any CPU
		{BD7A4814-4DD5-44BE-B158-51CC6ABDE8D2}.Release|x86.ActiveCfg = Release|Any CPU
		{BD7A4814-4DD5-44BE-B158-51CC6ABDE8D2}.Release|x86.Build.0 = Release|Any CPU
		{B76D41D3-A9B0-48C8-92F9-4061B17385F1}.Debug|Any CPU.ActiveCfg = Debug|Any CPU
		{B76D41D3-A9B0-48C8-92F9-4061B17385F1}.Debug|Any CPU.Build.0 = Debug|Any CPU
		{B76D41D3-A9B0-48C8-92F9-4061B17385F1}.Debug|ARM.ActiveCfg = Debug|Any CPU
		{B76D41D3-A9B0-48C8-92F9-4061B17385F1}.Debug|x64.ActiveCfg = Debug|Any CPU
		{B76D41D3-A9B0-48C8-92F9-4061B17385F1}.Debug|x86.ActiveCfg = Debug|Any CPU
		{B76D41D3-A9B0-48C8-92F9-4061B17385F1}.Release|Any CPU.ActiveCfg = Release|Any CPU
		{B76D41D3-A9B0-48C8-92F9-4061B17385F1}.Release|Any CPU.Build.0 = Release|Any CPU
		{B76D41D3-A9B0-48C8-92F9-4061B17385F1}.Release|ARM.ActiveCfg = Release|Any CPU
		{B76D41D3-A9B0-48C8-92F9-4061B17385F1}.Release|x64.ActiveCfg = Release|Any CPU
		{B76D41D3-A9B0-48C8-92F9-4061B17385F1}.Release|x86.ActiveCfg = Release|Any CPU
		{F5CC7955-609F-4EE8-9237-64E00C50BE3F}.Debug|Any CPU.ActiveCfg = Debug|Any CPU
		{F5CC7955-609F-4EE8-9237-64E00C50BE3F}.Debug|Any CPU.Build.0 = Debug|Any CPU
		{F5CC7955-609F-4EE8-9237-64E00C50BE3F}.Debug|ARM.ActiveCfg = Debug|Any CPU
		{F5CC7955-609F-4EE8-9237-64E00C50BE3F}.Debug|ARM.Build.0 = Debug|Any CPU
		{F5CC7955-609F-4EE8-9237-64E00C50BE3F}.Debug|x64.ActiveCfg = Debug|Any CPU
		{F5CC7955-609F-4EE8-9237-64E00C50BE3F}.Debug|x64.Build.0 = Debug|Any CPU
		{F5CC7955-609F-4EE8-9237-64E00C50BE3F}.Debug|x86.ActiveCfg = Debug|Any CPU
		{F5CC7955-609F-4EE8-9237-64E00C50BE3F}.Debug|x86.Build.0 = Debug|Any CPU
		{F5CC7955-609F-4EE8-9237-64E00C50BE3F}.Release|Any CPU.ActiveCfg = Release|Any CPU
		{F5CC7955-609F-4EE8-9237-64E00C50BE3F}.Release|Any CPU.Build.0 = Release|Any CPU
		{F5CC7955-609F-4EE8-9237-64E00C50BE3F}.Release|ARM.ActiveCfg = Release|Any CPU
		{F5CC7955-609F-4EE8-9237-64E00C50BE3F}.Release|ARM.Build.0 = Release|Any CPU
		{F5CC7955-609F-4EE8-9237-64E00C50BE3F}.Release|x64.ActiveCfg = Release|Any CPU
		{F5CC7955-609F-4EE8-9237-64E00C50BE3F}.Release|x64.Build.0 = Release|Any CPU
		{F5CC7955-609F-4EE8-9237-64E00C50BE3F}.Release|x86.ActiveCfg = Release|Any CPU
		{F5CC7955-609F-4EE8-9237-64E00C50BE3F}.Release|x86.Build.0 = Release|Any CPU
		{77CA804F-D64B-458F-9F88-D35EBCDFE74C}.Debug|Any CPU.ActiveCfg = Debug|Any CPU
		{77CA804F-D64B-458F-9F88-D35EBCDFE74C}.Debug|Any CPU.Build.0 = Debug|Any CPU
		{77CA804F-D64B-458F-9F88-D35EBCDFE74C}.Debug|ARM.ActiveCfg = Debug|Any CPU
		{77CA804F-D64B-458F-9F88-D35EBCDFE74C}.Debug|ARM.Build.0 = Debug|Any CPU
		{77CA804F-D64B-458F-9F88-D35EBCDFE74C}.Debug|x64.ActiveCfg = Debug|Any CPU
		{77CA804F-D64B-458F-9F88-D35EBCDFE74C}.Debug|x64.Build.0 = Debug|Any CPU
		{77CA804F-D64B-458F-9F88-D35EBCDFE74C}.Debug|x86.ActiveCfg = Debug|Any CPU
		{77CA804F-D64B-458F-9F88-D35EBCDFE74C}.Debug|x86.Build.0 = Debug|Any CPU
		{77CA804F-D64B-458F-9F88-D35EBCDFE74C}.Release|Any CPU.ActiveCfg = Release|Any CPU
		{77CA804F-D64B-458F-9F88-D35EBCDFE74C}.Release|Any CPU.Build.0 = Release|Any CPU
		{77CA804F-D64B-458F-9F88-D35EBCDFE74C}.Release|ARM.ActiveCfg = Release|Any CPU
		{77CA804F-D64B-458F-9F88-D35EBCDFE74C}.Release|ARM.Build.0 = Release|Any CPU
		{77CA804F-D64B-458F-9F88-D35EBCDFE74C}.Release|x64.ActiveCfg = Release|Any CPU
		{77CA804F-D64B-458F-9F88-D35EBCDFE74C}.Release|x64.Build.0 = Release|Any CPU
		{77CA804F-D64B-458F-9F88-D35EBCDFE74C}.Release|x86.ActiveCfg = Release|Any CPU
		{77CA804F-D64B-458F-9F88-D35EBCDFE74C}.Release|x86.Build.0 = Release|Any CPU
		{2F815BB4-ED8C-4E04-8207-46B2B24E7A36}.Debug|Any CPU.ActiveCfg = Debug|x86
		{2F815BB4-ED8C-4E04-8207-46B2B24E7A36}.Debug|ARM.ActiveCfg = Debug|ARM
		{2F815BB4-ED8C-4E04-8207-46B2B24E7A36}.Debug|ARM.Build.0 = Debug|ARM
		{2F815BB4-ED8C-4E04-8207-46B2B24E7A36}.Debug|ARM.Deploy.0 = Debug|ARM
		{2F815BB4-ED8C-4E04-8207-46B2B24E7A36}.Debug|x64.ActiveCfg = Debug|x64
		{2F815BB4-ED8C-4E04-8207-46B2B24E7A36}.Debug|x64.Build.0 = Debug|x64
		{2F815BB4-ED8C-4E04-8207-46B2B24E7A36}.Debug|x64.Deploy.0 = Debug|x64
		{2F815BB4-ED8C-4E04-8207-46B2B24E7A36}.Debug|x86.ActiveCfg = Debug|x86
		{2F815BB4-ED8C-4E04-8207-46B2B24E7A36}.Debug|x86.Build.0 = Debug|x86
		{2F815BB4-ED8C-4E04-8207-46B2B24E7A36}.Debug|x86.Deploy.0 = Debug|x86
		{2F815BB4-ED8C-4E04-8207-46B2B24E7A36}.Release|Any CPU.ActiveCfg = Release|x86
		{2F815BB4-ED8C-4E04-8207-46B2B24E7A36}.Release|ARM.ActiveCfg = Release|ARM
		{2F815BB4-ED8C-4E04-8207-46B2B24E7A36}.Release|ARM.Build.0 = Release|ARM
		{2F815BB4-ED8C-4E04-8207-46B2B24E7A36}.Release|ARM.Deploy.0 = Release|ARM
		{2F815BB4-ED8C-4E04-8207-46B2B24E7A36}.Release|x64.ActiveCfg = Release|x64
		{2F815BB4-ED8C-4E04-8207-46B2B24E7A36}.Release|x64.Build.0 = Release|x64
		{2F815BB4-ED8C-4E04-8207-46B2B24E7A36}.Release|x64.Deploy.0 = Release|x64
		{2F815BB4-ED8C-4E04-8207-46B2B24E7A36}.Release|x86.ActiveCfg = Release|x86
		{2F815BB4-ED8C-4E04-8207-46B2B24E7A36}.Release|x86.Build.0 = Release|x86
		{2F815BB4-ED8C-4E04-8207-46B2B24E7A36}.Release|x86.Deploy.0 = Release|x86
		{76C70D74-6E80-4BBC-9F17-434FC4501E89}.Debug|Any CPU.ActiveCfg = Debug|Any CPU
		{76C70D74-6E80-4BBC-9F17-434FC4501E89}.Debug|Any CPU.Build.0 = Debug|Any CPU
		{76C70D74-6E80-4BBC-9F17-434FC4501E89}.Debug|ARM.ActiveCfg = Debug|Any CPU
		{76C70D74-6E80-4BBC-9F17-434FC4501E89}.Debug|ARM.Build.0 = Debug|Any CPU
		{76C70D74-6E80-4BBC-9F17-434FC4501E89}.Debug|x64.ActiveCfg = Debug|Any CPU
		{76C70D74-6E80-4BBC-9F17-434FC4501E89}.Debug|x64.Build.0 = Debug|Any CPU
		{76C70D74-6E80-4BBC-9F17-434FC4501E89}.Debug|x86.ActiveCfg = Debug|Any CPU
		{76C70D74-6E80-4BBC-9F17-434FC4501E89}.Debug|x86.Build.0 = Debug|Any CPU
		{76C70D74-6E80-4BBC-9F17-434FC4501E89}.Release|Any CPU.ActiveCfg = Release|Any CPU
		{76C70D74-6E80-4BBC-9F17-434FC4501E89}.Release|Any CPU.Build.0 = Release|Any CPU
		{76C70D74-6E80-4BBC-9F17-434FC4501E89}.Release|ARM.ActiveCfg = Release|Any CPU
		{76C70D74-6E80-4BBC-9F17-434FC4501E89}.Release|ARM.Build.0 = Release|Any CPU
		{76C70D74-6E80-4BBC-9F17-434FC4501E89}.Release|x64.ActiveCfg = Release|Any CPU
		{76C70D74-6E80-4BBC-9F17-434FC4501E89}.Release|x64.Build.0 = Release|Any CPU
		{76C70D74-6E80-4BBC-9F17-434FC4501E89}.Release|x86.ActiveCfg = Release|Any CPU
		{76C70D74-6E80-4BBC-9F17-434FC4501E89}.Release|x86.Build.0 = Release|Any CPU
		{6A769E1F-8C64-4C12-B1D8-BE7B7C2CC6A4}.Debug|Any CPU.ActiveCfg = Debug|Any CPU
		{6A769E1F-8C64-4C12-B1D8-BE7B7C2CC6A4}.Debug|Any CPU.Build.0 = Debug|Any CPU
		{6A769E1F-8C64-4C12-B1D8-BE7B7C2CC6A4}.Debug|ARM.ActiveCfg = Debug|Any CPU
		{6A769E1F-8C64-4C12-B1D8-BE7B7C2CC6A4}.Debug|ARM.Build.0 = Debug|Any CPU
		{6A769E1F-8C64-4C12-B1D8-BE7B7C2CC6A4}.Debug|x64.ActiveCfg = Debug|Any CPU
		{6A769E1F-8C64-4C12-B1D8-BE7B7C2CC6A4}.Debug|x64.Build.0 = Debug|Any CPU
		{6A769E1F-8C64-4C12-B1D8-BE7B7C2CC6A4}.Debug|x86.ActiveCfg = Debug|Any CPU
		{6A769E1F-8C64-4C12-B1D8-BE7B7C2CC6A4}.Debug|x86.Build.0 = Debug|Any CPU
		{6A769E1F-8C64-4C12-B1D8-BE7B7C2CC6A4}.Release|Any CPU.ActiveCfg = Release|Any CPU
		{6A769E1F-8C64-4C12-B1D8-BE7B7C2CC6A4}.Release|Any CPU.Build.0 = Release|Any CPU
		{6A769E1F-8C64-4C12-B1D8-BE7B7C2CC6A4}.Release|ARM.ActiveCfg = Release|Any CPU
		{6A769E1F-8C64-4C12-B1D8-BE7B7C2CC6A4}.Release|ARM.Build.0 = Release|Any CPU
		{6A769E1F-8C64-4C12-B1D8-BE7B7C2CC6A4}.Release|x64.ActiveCfg = Release|Any CPU
		{6A769E1F-8C64-4C12-B1D8-BE7B7C2CC6A4}.Release|x64.Build.0 = Release|Any CPU
		{6A769E1F-8C64-4C12-B1D8-BE7B7C2CC6A4}.Release|x86.ActiveCfg = Release|Any CPU
		{6A769E1F-8C64-4C12-B1D8-BE7B7C2CC6A4}.Release|x86.Build.0 = Release|Any CPU
	EndGlobalSection
	GlobalSection(SolutionProperties) = preSolution
		HideSolutionNode = FALSE
	EndGlobalSection
	GlobalSection(ExtensibilityGlobals) = postSolution
		SolutionGuid = {7EE0545B-A9F5-4963-8627-35960DBF72AF}
	EndGlobalSection
EndGlobal
